
Microsoft Visual Studio Solution File, Format Version 12.00
# Visual Studio Version 17
VisualStudioVersion = 17.0.31724.407
MinimumVisualStudioVersion = 10.0.40219.1
Project("{9A19103F-16F7-4668-BE54-9A1E7A4F7556}") = "RemoteAutomationTests", "tests\RemoteAutomationTests\RemoteAutomationTests.csproj", "{878A4A30-E88E-4C91-9C41-EDF7AB4D1320}"
EndProject
Project("{9A19103F-16F7-4668-BE54-9A1E7A4F7556}") = "SampleMauiApp", "samples\SampleMauiApp\SampleMauiApp.csproj", "{AFB868DD-DAA2-4002-A9FE-A2781E915A95}"
EndProject
Project("{2150E333-8FDC-42A3-9474-1A3956D46DE8}") = "Proto", "Proto", "{99757F39-4185-4511-9D9C-527D2D35B37C}"
	ProjectSection(SolutionItems) = preProject
		proto\idb.proto = proto\idb.proto
		proto\remoteapp.proto = proto\remoteapp.proto
		proto\types.proto = proto\types.proto
	EndProjectSection
EndProject
Project("{9A19103F-16F7-4668-BE54-9A1E7A4F7556}") = "Core", "src\Core\Core.csproj", "{CFA05B53-B1D3-4A75-9BCF-C771430BD73B}"
EndProject
Project("{9A19103F-16F7-4668-BE54-9A1E7A4F7556}") = "Driver", "src\Driver\Driver.csproj", "{309CD902-FE2B-413E-8DFA-7C2D9749D944}"
EndProject
Project("{9A19103F-16F7-4668-BE54-9A1E7A4F7556}") = "Repl", "src\Repl\Repl.csproj", "{9B24C861-AF9E-43E6-BC53-AACF162E6E4A}"
EndProject
Project("{2150E333-8FDC-42A3-9474-1A3956D46DE8}") = "Source", "Source", "{A894D593-E899-4E85-B415-86927030BB9A}"
EndProject
Project("{2150E333-8FDC-42A3-9474-1A3956D46DE8}") = "Samples", "Samples", "{B4FB98F8-23D7-41E9-8739-FEEB01B14086}"
EndProject
Project("{2150E333-8FDC-42A3-9474-1A3956D46DE8}") = "Tests", "Tests", "{ED0B60ED-CF04-4DFF-93D2-EA6B4BAEDA2E}"
EndProject
Project("{9A19103F-16F7-4668-BE54-9A1E7A4F7556}") = "Agent", "src\Agent\Agent.csproj", "{B875C9BC-BA7E-41E9-B38E-473D7A7A7587}"
EndProject
Project("{9A19103F-16F7-4668-BE54-9A1E7A4F7556}") = "Tests", "src\Test\Tests.csproj", "{6B576EF4-14B0-45E7-93DA-C720AC2F6A30}"
EndProject
Project("{FAE04EC0-301F-11D3-BF4B-00C04F79EFBC}") = "Interactive", "src\Interactive\Interactive.csproj", "{829C2D5E-1407-484C-897A-F7A684F74523}"
EndProject
Global
	GlobalSection(SolutionConfigurationPlatforms) = preSolution
		Debug|Any CPU = Debug|Any CPU
		Release|Any CPU = Release|Any CPU
	EndGlobalSection
	GlobalSection(ProjectConfigurationPlatforms) = postSolution
		{878A4A30-E88E-4C91-9C41-EDF7AB4D1320}.Debug|Any CPU.ActiveCfg = Debug|Any CPU
		{878A4A30-E88E-4C91-9C41-EDF7AB4D1320}.Debug|Any CPU.Build.0 = Debug|Any CPU
		{878A4A30-E88E-4C91-9C41-EDF7AB4D1320}.Release|Any CPU.ActiveCfg = Release|Any CPU
		{878A4A30-E88E-4C91-9C41-EDF7AB4D1320}.Release|Any CPU.Build.0 = Release|Any CPU
		{AFB868DD-DAA2-4002-A9FE-A2781E915A95}.Debug|Any CPU.ActiveCfg = Debug|Any CPU
		{AFB868DD-DAA2-4002-A9FE-A2781E915A95}.Debug|Any CPU.Build.0 = Debug|Any CPU
		{AFB868DD-DAA2-4002-A9FE-A2781E915A95}.Debug|Any CPU.Deploy.0 = Debug|Any CPU
		{AFB868DD-DAA2-4002-A9FE-A2781E915A95}.Release|Any CPU.ActiveCfg = Release|Any CPU
		{AFB868DD-DAA2-4002-A9FE-A2781E915A95}.Release|Any CPU.Build.0 = Release|Any CPU
		{AFB868DD-DAA2-4002-A9FE-A2781E915A95}.Release|Any CPU.Deploy.0 = Release|Any CPU
		{CFA05B53-B1D3-4A75-9BCF-C771430BD73B}.Debug|Any CPU.ActiveCfg = Debug|Any CPU
		{CFA05B53-B1D3-4A75-9BCF-C771430BD73B}.Debug|Any CPU.Build.0 = Debug|Any CPU
		{CFA05B53-B1D3-4A75-9BCF-C771430BD73B}.Release|Any CPU.ActiveCfg = Release|Any CPU
		{CFA05B53-B1D3-4A75-9BCF-C771430BD73B}.Release|Any CPU.Build.0 = Release|Any CPU
		{309CD902-FE2B-413E-8DFA-7C2D9749D944}.Debug|Any CPU.ActiveCfg = Debug|Any CPU
		{309CD902-FE2B-413E-8DFA-7C2D9749D944}.Debug|Any CPU.Build.0 = Debug|Any CPU
		{309CD902-FE2B-413E-8DFA-7C2D9749D944}.Release|Any CPU.ActiveCfg = Release|Any CPU
		{309CD902-FE2B-413E-8DFA-7C2D9749D944}.Release|Any CPU.Build.0 = Release|Any CPU
		{9B24C861-AF9E-43E6-BC53-AACF162E6E4A}.Debug|Any CPU.ActiveCfg = Debug|Any CPU
		{9B24C861-AF9E-43E6-BC53-AACF162E6E4A}.Debug|Any CPU.Build.0 = Debug|Any CPU
		{9B24C861-AF9E-43E6-BC53-AACF162E6E4A}.Release|Any CPU.ActiveCfg = Release|Any CPU
		{9B24C861-AF9E-43E6-BC53-AACF162E6E4A}.Release|Any CPU.Build.0 = Release|Any CPU
		{B875C9BC-BA7E-41E9-B38E-473D7A7A7587}.Debug|Any CPU.ActiveCfg = Debug|Any CPU
		{B875C9BC-BA7E-41E9-B38E-473D7A7A7587}.Debug|Any CPU.Build.0 = Debug|Any CPU
		{B875C9BC-BA7E-41E9-B38E-473D7A7A7587}.Debug|Any CPU.Deploy.0 = Debug|Any CPU
		{B875C9BC-BA7E-41E9-B38E-473D7A7A7587}.Release|Any CPU.ActiveCfg = Release|Any CPU
		{B875C9BC-BA7E-41E9-B38E-473D7A7A7587}.Release|Any CPU.Build.0 = Release|Any CPU
		{B875C9BC-BA7E-41E9-B38E-473D7A7A7587}.Release|Any CPU.Deploy.0 = Release|Any CPU
		{6B576EF4-14B0-45E7-93DA-C720AC2F6A30}.Debug|Any CPU.ActiveCfg = Debug|Any CPU
		{6B576EF4-14B0-45E7-93DA-C720AC2F6A30}.Debug|Any CPU.Build.0 = Debug|Any CPU
		{6B576EF4-14B0-45E7-93DA-C720AC2F6A30}.Release|Any CPU.ActiveCfg = Release|Any CPU
		{6B576EF4-14B0-45E7-93DA-C720AC2F6A30}.Release|Any CPU.Build.0 = Release|Any CPU
		{829C2D5E-1407-484C-897A-F7A684F74523}.Debug|Any CPU.ActiveCfg = Debug|Any CPU
		{829C2D5E-1407-484C-897A-F7A684F74523}.Debug|Any CPU.Build.0 = Debug|Any CPU
		{829C2D5E-1407-484C-897A-F7A684F74523}.Release|Any CPU.ActiveCfg = Release|Any CPU
		{829C2D5E-1407-484C-897A-F7A684F74523}.Release|Any CPU.Build.0 = Release|Any CPU
	EndGlobalSection
	GlobalSection(SolutionProperties) = preSolution
		HideSolutionNode = FALSE
	EndGlobalSection
	GlobalSection(NestedProjects) = preSolution
		{878A4A30-E88E-4C91-9C41-EDF7AB4D1320} = {ED0B60ED-CF04-4DFF-93D2-EA6B4BAEDA2E}
		{AFB868DD-DAA2-4002-A9FE-A2781E915A95} = {B4FB98F8-23D7-41E9-8739-FEEB01B14086}
		{CFA05B53-B1D3-4A75-9BCF-C771430BD73B} = {A894D593-E899-4E85-B415-86927030BB9A}
		{309CD902-FE2B-413E-8DFA-7C2D9749D944} = {A894D593-E899-4E85-B415-86927030BB9A}
		{9B24C861-AF9E-43E6-BC53-AACF162E6E4A} = {A894D593-E899-4E85-B415-86927030BB9A}
		{B875C9BC-BA7E-41E9-B38E-473D7A7A7587} = {A894D593-E899-4E85-B415-86927030BB9A}
		{6B576EF4-14B0-45E7-93DA-C720AC2F6A30} = {ED0B60ED-CF04-4DFF-93D2-EA6B4BAEDA2E}
		{829C2D5E-1407-484C-897A-F7A684F74523} = {A894D593-E899-4E85-B415-86927030BB9A}
	EndGlobalSection
	GlobalSection(ExtensibilityGlobals) = postSolution
		SolutionGuid = {E7F4911D-EDE9-4855-A05C-8555F447244E}
	EndGlobalSection
EndGlobal
