
Microsoft Visual Studio Solution File, Format Version 12.00
# Visual Studio Version 17
VisualStudioVersion = 17.0.31724.407
MinimumVisualStudioVersion = 10.0.40219.1
Project("{9A19103F-16F7-4668-BE54-9A1E7A4F7556}") = "Microsoft.Maui.WebDriver.Host", "Microsoft.Maui.WebDriver.Host\Microsoft.Maui.WebDriver.Host.csproj", "{5B7936C0-E828-4EF8-857B-0D9227C83A05}"
EndProject
Project("{FAE04EC0-301F-11D3-BF4B-00C04F79EFBC}") = "Microsoft.Maui.WebDriver.HttpHost", "Microsoft.Maui.WebDriver.HttpHost\Microsoft.Maui.WebDriver.HttpHost.csproj", "{7CCB78FB-23DE-48D2-8304-3A2D22A177EF}"
EndProject
Global
	GlobalSection(SolutionConfigurationPlatforms) = preSolution
		Debug|Any CPU = Debug|Any CPU
		Release|Any CPU = Release|Any CPU
	EndGlobalSection
	GlobalSection(ProjectConfigurationPlatforms) = postSolution
		{5B7936C0-E828-4EF8-857B-0D9227C83A05}.Debug|Any CPU.ActiveCfg = Debug|Any CPU
		{5B7936C0-E828-4EF8-857B-0D9227C83A05}.Debug|Any CPU.Build.0 = Debug|Any CPU
		{5B7936C0-E828-4EF8-857B-0D9227C83A05}.Release|Any CPU.ActiveCfg = Release|Any CPU
		{5B7936C0-E828-4EF8-857B-0D9227C83A05}.Release|Any CPU.Build.0 = Release|Any CPU
		{7CCB78FB-23DE-48D2-8304-3A2D22A177EF}.Debug|Any CPU.ActiveCfg = Debug|Any CPU
		{7CCB78FB-23DE-48D2-8304-3A2D22A177EF}.Debug|Any CPU.Build.0 = Debug|Any CPU
		{7CCB78FB-23DE-48D2-8304-3A2D22A177EF}.Release|Any CPU.ActiveCfg = Release|Any CPU
		{7CCB78FB-23DE-48D2-8304-3A2D22A177EF}.Release|Any CPU.Build.0 = Release|Any CPU
	EndGlobalSection
	GlobalSection(SolutionProperties) = preSolution
		HideSolutionNode = FALSE
	EndGlobalSection
	GlobalSection(ExtensibilityGlobals) = postSolution
		SolutionGuid = {E7F4911D-EDE9-4855-A05C-8555F447244E}
	EndGlobalSection
EndGlobal
